// !$*UTF8*$!
{
	archiveVersion = 1;
	classes = {
	};
	objectVersion = 56;
	objects = {

/* Begin PBXBuildFile section */
		68D052D62B6DFB160019F3A3 /* AppDelegate.swift in Sources */ = {isa = PBXBuildFile; fileRef = 68D052D52B6DFB160019F3A3 /* AppDelegate.swift */; };
		68D052D82B6DFB160019F3A3 /* SceneDelegate.swift in Sources */ = {isa = PBXBuildFile; fileRef = 68D052D72B6DFB160019F3A3 /* SceneDelegate.swift */; };
		68D052DD2B6DFB160019F3A3 /* Main.storyboard in Resources */ = {isa = PBXBuildFile; fileRef = 68D052DB2B6DFB160019F3A3 /* Main.storyboard */; };
		68D052DF2B6DFB170019F3A3 /* Assets.xcassets in Resources */ = {isa = PBXBuildFile; fileRef = 68D052DE2B6DFB170019F3A3 /* Assets.xcassets */; };
		68D052E22B6DFB170019F3A3 /* LaunchScreen.storyboard in Resources */ = {isa = PBXBuildFile; fileRef = 68D052E02B6DFB170019F3A3 /* LaunchScreen.storyboard */; };
		68D052F52B6E00D50019F3A3 /* Product.swift in Sources */ = {isa = PBXBuildFile; fileRef = 68D052F42B6E00D50019F3A3 /* Product.swift */; };
		68D052F72B6E00F90019F3A3 /* ProductViewModel.swift in Sources */ = {isa = PBXBuildFile; fileRef = 68D052F62B6E00F90019F3A3 /* ProductViewModel.swift */; };
		68D052F92B6E025D0019F3A3 /* Constant.swift in Sources */ = {isa = PBXBuildFile; fileRef = 68D052F82B6E025D0019F3A3 /* Constant.swift */; };
		68D052FB2B6E04630019F3A3 /* APIManager.swift in Sources */ = {isa = PBXBuildFile; fileRef = 68D052FA2B6E04630019F3A3 /* APIManager.swift */; };
		68D052FD2B6F4AFD0019F3A3 /* ProductListViewController.swift in Sources */ = {isa = PBXBuildFile; fileRef = 68D052FC2B6F4AFD0019F3A3 /* ProductListViewController.swift */; };
		68D053002B6F4B210019F3A3 /* ProductTableViewCell.swift in Sources */ = {isa = PBXBuildFile; fileRef = 68D052FE2B6F4B210019F3A3 /* ProductTableViewCell.swift */; };
		68D053012B6F4B210019F3A3 /* ProductTableViewCell.xib in Resources */ = {isa = PBXBuildFile; fileRef = 68D052FF2B6F4B210019F3A3 /* ProductTableViewCell.xib */; };
/* End PBXBuildFile section */

/* Begin PBXFileReference section */
		68D052D22B6DFB160019F3A3 /* 09_10_2023_MVVMDemo.app */ = {isa = PBXFileReference; explicitFileType = wrapper.application; includeInIndex = 0; path = 09_10_2023_MVVMDemo.app; sourceTree = BUILT_PRODUCTS_DIR; };
		68D052D52B6DFB160019F3A3 /* AppDelegate.swift */ = {isa = PBXFileReference; lastKnownFileType = sourcecode.swift; path = AppDelegate.swift; sourceTree = "<group>"; };
		68D052D72B6DFB160019F3A3 /* SceneDelegate.swift */ = {isa = PBXFileReference; lastKnownFileType = sourcecode.swift; path = SceneDelegate.swift; sourceTree = "<group>"; };
		68D052DC2B6DFB160019F3A3 /* Base */ = {isa = PBXFileReference; lastKnownFileType = file.storyboard; name = Base; path = Base.lproj/Main.storyboard; sourceTree = "<group>"; };
		68D052DE2B6DFB170019F3A3 /* Assets.xcassets */ = {isa = PBXFileReference; lastKnownFileType = folder.assetcatalog; path = Assets.xcassets; sourceTree = "<group>"; };
		68D052E12B6DFB170019F3A3 /* Base */ = {isa = PBXFileReference; lastKnownFileType = file.storyboard; name = Base; path = Base.lproj/LaunchScreen.storyboard; sourceTree = "<group>"; };
		68D052E32B6DFB170019F3A3 /* Info.plist */ = {isa = PBXFileReference; lastKnownFileType = text.plist.xml; path = Info.plist; sourceTree = "<group>"; };
		68D052F42B6E00D50019F3A3 /* Product.swift */ = {isa = PBXFileReference; lastKnownFileType = sourcecode.swift; path = Product.swift; sourceTree = "<group>"; };
		68D052F62B6E00F90019F3A3 /* ProductViewModel.swift */ = {isa = PBXFileReference; lastKnownFileType = sourcecode.swift; path = ProductViewModel.swift; sourceTree = "<group>"; };
		68D052F82B6E025D0019F3A3 /* Constant.swift */ = {isa = PBXFileReference; lastKnownFileType = sourcecode.swift; path = Constant.swift; sourceTree = "<group>"; };
		68D052FA2B6E04630019F3A3 /* APIManager.swift */ = {isa = PBXFileReference; lastKnownFileType = sourcecode.swift; path = APIManager.swift; sourceTree = "<group>"; };
		68D052FC2B6F4AFD0019F3A3 /* ProductListViewController.swift */ = {isa = PBXFileReference; lastKnownFileType = sourcecode.swift; path = ProductListViewController.swift; sourceTree = "<group>"; };
		68D052FE2B6F4B210019F3A3 /* ProductTableViewCell.swift */ = {isa = PBXFileReference; lastKnownFileType = sourcecode.swift; path = ProductTableViewCell.swift; sourceTree = "<group>"; };
		68D052FF2B6F4B210019F3A3 /* ProductTableViewCell.xib */ = {isa = PBXFileReference; lastKnownFileType = file.xib; path = ProductTableViewCell.xib; sourceTree = "<group>"; };
/* End PBXFileReference section */

/* Begin PBXFrameworksBuildPhase section */
		68D052CF2B6DFB160019F3A3 /* Frameworks */ = {
			isa = PBXFrameworksBuildPhase;
			buildActionMask = 2147483647;
			files = (
			);
			runOnlyForDeploymentPostprocessing = 0;
		};
/* End PBXFrameworksBuildPhase section */

/* Begin PBXGroup section */
		68D052C92B6DFB160019F3A3 = {
			isa = PBXGroup;
			children = (
				68D052D42B6DFB160019F3A3 /* 09_10_2023_MVVMDemo */,
				68D052D32B6DFB160019F3A3 /* Products */,
			);
			sourceTree = "<group>";
		};
		68D052D32B6DFB160019F3A3 /* Products */ = {
			isa = PBXGroup;
			children = (
				68D052D22B6DFB160019F3A3 /* 09_10_2023_MVVMDemo.app */,
			);
			name = Products;
			sourceTree = "<group>";
		};
		68D052D42B6DFB160019F3A3 /* 09_10_2023_MVVMDemo */ = {
			isa = PBXGroup;
			children = (
				68D052E92B6DFF480019F3A3 /* Application */,
				68D052EA2B6DFF520019F3A3 /* Constant */,
				68D052EF2B6DFF840019F3A3 /* Storyboard */,
				68D052EE2B6DFF740019F3A3 /* Resources */,
				68D052ED2B6DFF6C0019F3A3 /* Helper */,
				68D052EC2B6DFF640019F3A3 /* Extensions */,
				68D052EB2B6DFF5C0019F3A3 /* Screens */,
				68D052E32B6DFB170019F3A3 /* Info.plist */,
			);
			path = 09_10_2023_MVVMDemo;
			sourceTree = "<group>";
		};
		68D052E92B6DFF480019F3A3 /* Application */ = {
			isa = PBXGroup;
			children = (
				68D052D52B6DFB160019F3A3 /* AppDelegate.swift */,
				68D052D72B6DFB160019F3A3 /* SceneDelegate.swift */,
			);
			path = Application;
			sourceTree = "<group>";
		};
		68D052EA2B6DFF520019F3A3 /* Constant */ = {
			isa = PBXGroup;
			children = (
				68D052F82B6E025D0019F3A3 /* Constant.swift */,
			);
			path = Constant;
			sourceTree = "<group>";
		};
		68D052EB2B6DFF5C0019F3A3 /* Screens */ = {
			isa = PBXGroup;
			children = (
				68D052F02B6E00110019F3A3 /* Product */,
			);
			path = Screens;
			sourceTree = "<group>";
		};
		68D052EC2B6DFF640019F3A3 /* Extensions */ = {
			isa = PBXGroup;
			children = (
			);
			path = Extensions;
			sourceTree = "<group>";
		};
		68D052ED2B6DFF6C0019F3A3 /* Helper */ = {
			isa = PBXGroup;
			children = (
				68D052FA2B6E04630019F3A3 /* APIManager.swift */,
			);
			path = Helper;
			sourceTree = "<group>";
		};
		68D052EE2B6DFF740019F3A3 /* Resources */ = {
			isa = PBXGroup;
			children = (
				68D052DE2B6DFB170019F3A3 /* Assets.xcassets */,
			);
			path = Resources;
			sourceTree = "<group>";
		};
		68D052EF2B6DFF840019F3A3 /* Storyboard */ = {
			isa = PBXGroup;
			children = (
				68D052DB2B6DFB160019F3A3 /* Main.storyboard */,
				68D052E02B6DFB170019F3A3 /* LaunchScreen.storyboard */,
			);
			path = Storyboard;
			sourceTree = "<group>";
		};
		68D052F02B6E00110019F3A3 /* Product */ = {
			isa = PBXGroup;
			children = (
				68D052F32B6E00620019F3A3 /* View */,
				68D052F22B6E005B0019F3A3 /* ViewModel */,
				68D052F12B6E00560019F3A3 /* Model */,
			);
			path = Product;
			sourceTree = "<group>";
		};
		68D052F12B6E00560019F3A3 /* Model */ = {
			isa = PBXGroup;
			children = (
				68D052F42B6E00D50019F3A3 /* Product.swift */,
			);
			path = Model;
			sourceTree = "<group>";
		};
		68D052F22B6E005B0019F3A3 /* ViewModel */ = {
			isa = PBXGroup;
			children = (
				68D052F62B6E00F90019F3A3 /* ProductViewModel.swift */,
			);
			path = ViewModel;
			sourceTree = "<group>";
		};
		68D052F32B6E00620019F3A3 /* View */ = {
			isa = PBXGroup;
			children = (
				68D052FC2B6F4AFD0019F3A3 /* ProductListViewController.swift */,
				68D052FE2B6F4B210019F3A3 /* ProductTableViewCell.swift */,
				68D052FF2B6F4B210019F3A3 /* ProductTableViewCell.xib */,
			);
			path = View;
			sourceTree = "<group>";
		};
/* End PBXGroup section */

/* Begin PBXNativeTarget section */
		68D052D12B6DFB160019F3A3 /* 09_10_2023_MVVMDemo */ = {
			isa = PBXNativeTarget;
			buildConfigurationList = 68D052E62B6DFB170019F3A3 /* Build configuration list for PBXNativeTarget "09_10_2023_MVVMDemo" */;
			buildPhases = (
				68D052CE2B6DFB160019F3A3 /* Sources */,
				68D052CF2B6DFB160019F3A3 /* Frameworks */,
				68D052D02B6DFB160019F3A3 /* Resources */,
			);
			buildRules = (
			);
			dependencies = (
			);
			name = 09_10_2023_MVVMDemo;
			productName = 09_10_2023_MVVMDemo;
			productReference = 68D052D22B6DFB160019F3A3 /* 09_10_2023_MVVMDemo.app */;
			productType = "com.apple.product-type.application";
		};
/* End PBXNativeTarget section */

/* Begin PBXProject section */
		68D052CA2B6DFB160019F3A3 /* Project object */ = {
			isa = PBXProject;
			attributes = {
				BuildIndependentTargetsInParallel = 1;
				LastSwiftUpdateCheck = 1400;
				LastUpgradeCheck = 1400;
				TargetAttributes = {
					68D052D12B6DFB160019F3A3 = {
						CreatedOnToolsVersion = 14.0;
					};
				};
			};
			buildConfigurationList = 68D052CD2B6DFB160019F3A3 /* Build configuration list for PBXProject "09_10_2023_MVVMDemo" */;
			compatibilityVersion = "Xcode 14.0";
			developmentRegion = en;
			hasScannedForEncodings = 0;
			knownRegions = (
				en,
				Base,
			);
			mainGroup = 68D052C92B6DFB160019F3A3;
			productRefGroup = 68D052D32B6DFB160019F3A3 /* Products */;
			projectDirPath = "";
			projectRoot = "";
			targets = (
				68D052D12B6DFB160019F3A3 /* 09_10_2023_MVVMDemo */,
			);
		};
/* End PBXProject section */

/* Begin PBXResourcesBuildPhase section */
		68D052D02B6DFB160019F3A3 /* Resources */ = {
			isa = PBXResourcesBuildPhase;
			buildActionMask = 2147483647;
			files = (
				68D052E22B6DFB170019F3A3 /* LaunchScreen.storyboard in Resources */,
				68D053012B6F4B210019F3A3 /* ProductTableViewCell.xib in Resources */,
				68D052DF2B6DFB170019F3A3 /* Assets.xcassets in Resources */,
				68D052DD2B6DFB160019F3A3 /* Main.storyboard in Resources */,
			);
			runOnlyForDeploymentPostprocessing = 0;
		};
/* End PBXResourcesBuildPhase section */

/* Begin PBXSourcesBuildPhase section */
		68D052CE2B6DFB160019F3A3 /* Sources */ = {
			isa = PBXSourcesBuildPhase;
			buildActionMask = 2147483647;
			files = (
				68D052FB2B6E04630019F3A3 /* APIManager.swift in Sources */,
				68D053002B6F4B210019F3A3 /* ProductTableViewCell.swift in Sources */,
				68D052D62B6DFB160019F3A3 /* AppDelegate.swift in Sources */,
				68D052FD2B6F4AFD0019F3A3 /* ProductListViewController.swift in Sources */,
				68D052D82B6DFB160019F3A3 /* SceneDelegate.swift in Sources */,
				68D052F92B6E025D0019F3A3 /* Constant.swift in Sources */,
				68D052F72B6E00F90019F3A3 /* ProductViewModel.swift in Sources */,
				68D052F52B6E00D50019F3A3 /* Product.swift in Sources */,
			);
			runOnlyForDeploymentPostprocessing = 0;
		};
/* End PBXSourcesBuildPhase section */

/* Begin PBXVariantGroup section */
		68D052DB2B6DFB160019F3A3 /* Main.storyboard */ = {
			isa = PBXVariantGroup;
			children = (
				68D052DC2B6DFB160019F3A3 /* Base */,
			);
			name = Main.storyboard;
			sourceTree = "<group>";
		};
		68D052E02B6DFB170019F3A3 /* LaunchScreen.storyboard */ = {
			isa = PBXVariantGroup;
			children = (
				68D052E12B6DFB170019F3A3 /* Base */,
			);
			name = LaunchScreen.storyboard;
			sourceTree = "<group>";
		};
/* End PBXVariantGroup section */

/* Begin XCBuildConfiguration section */
		68D052E42B6DFB170019F3A3 /* Debug */ = {
			isa = XCBuildConfiguration;
			buildSettings = {
				ALWAYS_SEARCH_USER_PATHS = NO;
				CLANG_ANALYZER_NONNULL = YES;
				CLANG_ANALYZER_NUMBER_OBJECT_CONVERSION = YES_AGGRESSIVE;
				CLANG_CXX_LANGUAGE_STANDARD = "gnu++20";
				CLANG_ENABLE_MODULES = YES;
				CLANG_ENABLE_OBJC_ARC = YES;
				CLANG_ENABLE_OBJC_WEAK = YES;
				CLANG_WARN_BLOCK_CAPTURE_AUTORELEASING = YES;
				CLANG_WARN_BOOL_CONVERSION = YES;
				CLANG_WARN_COMMA = YES;
				CLANG_WARN_CONSTANT_CONVERSION = YES;
				CLANG_WARN_DEPRECATED_OBJC_IMPLEMENTATIONS = YES;
				CLANG_WARN_DIRECT_OBJC_ISA_USAGE = YES_ERROR;
				CLANG_WARN_DOCUMENTATION_COMMENTS = YES;
				CLANG_WARN_EMPTY_BODY = YES;
				CLANG_WARN_ENUM_CONVERSION = YES;
				CLANG_WARN_INFINITE_RECURSION = YES;
				CLANG_WARN_INT_CONVERSION = YES;
				CLANG_WARN_NON_LITERAL_NULL_CONVERSION = YES;
				CLANG_WARN_OBJC_IMPLICIT_RETAIN_SELF = YES;
				CLANG_WARN_OBJC_LITERAL_CONVERSION = YES;
				CLANG_WARN_OBJC_ROOT_CLASS = YES_ERROR;
				CLANG_WARN_QUOTED_INCLUDE_IN_FRAMEWORK_HEADER = YES;
				CLANG_WARN_RANGE_LOOP_ANALYSIS = YES;
				CLANG_WARN_STRICT_PROTOTYPES = YES;
				CLANG_WARN_SUSPICIOUS_MOVE = YES;
				CLANG_WARN_UNGUARDED_AVAILABILITY = YES_AGGRESSIVE;
				CLANG_WARN_UNREACHABLE_CODE = YES;
				CLANG_WARN__DUPLICATE_METHOD_MATCH = YES;
				COPY_PHASE_STRIP = NO;
				DEBUG_INFORMATION_FORMAT = dwarf;
				ENABLE_STRICT_OBJC_MSGSEND = YES;
				ENABLE_TESTABILITY = YES;
				GCC_C_LANGUAGE_STANDARD = gnu11;
				GCC_DYNAMIC_NO_PIC = NO;
				GCC_NO_COMMON_BLOCKS = YES;
				GCC_OPTIMIZATION_LEVEL = 0;
				GCC_PREPROCESSOR_DEFINITIONS = (
					"DEBUG=1",
					"$(inherited)",
				);
				GCC_WARN_64_TO_32_BIT_CONVERSION = YES;
				GCC_WARN_ABOUT_RETURN_TYPE = YES_ERROR;
				GCC_WARN_UNDECLARED_SELECTOR = YES;
				GCC_WARN_UNINITIALIZED_AUTOS = YES_AGGRESSIVE;
				GCC_WARN_UNUSED_FUNCTION = YES;
				GCC_WARN_UNUSED_VARIABLE = YES;
				IPHONEOS_DEPLOYMENT_TARGET = 16.0;
				MTL_ENABLE_DEBUG_INFO = INCLUDE_SOURCE;
				MTL_FAST_MATH = YES;
				ONLY_ACTIVE_ARCH = YES;
				SDKROOT = iphoneos;
				SWIFT_ACTIVE_COMPILATION_CONDITIONS = DEBUG;
				SWIFT_OPTIMIZATION_LEVEL = "-Onone";
			};
			name = Debug;
		};
		68D052E52B6DFB170019F3A3 /* Release */ = {
			isa = XCBuildConfiguration;
			buildSettings = {
				ALWAYS_SEARCH_USER_PATHS = NO;
				CLANG_ANALYZER_NONNULL = YES;
				CLANG_ANALYZER_NUMBER_OBJECT_CONVERSION = YES_AGGRESSIVE;
				CLANG_CXX_LANGUAGE_STANDARD = "gnu++20";
				CLANG_ENABLE_MODULES = YES;
				CLANG_ENABLE_OBJC_ARC = YES;
				CLANG_ENABLE_OBJC_WEAK = YES;
				CLANG_WARN_BLOCK_CAPTURE_AUTORELEASING = YES;
				CLANG_WARN_BOOL_CONVERSION = YES;
				CLANG_WARN_COMMA = YES;
				CLANG_WARN_CONSTANT_CONVERSION = YES;
				CLANG_WARN_DEPRECATED_OBJC_IMPLEMENTATIONS = YES;
				CLANG_WARN_DIRECT_OBJC_ISA_USAGE = YES_ERROR;
				CLANG_WARN_DOCUMENTATION_COMMENTS = YES;
				CLANG_WARN_EMPTY_BODY = YES;
				CLANG_WARN_ENUM_CONVERSION = YES;
				CLANG_WARN_INFINITE_RECURSION = YES;
				CLANG_WARN_INT_CONVERSION = YES;
				CLANG_WARN_NON_LITERAL_NULL_CONVERSION = YES;
				CLANG_WARN_OBJC_IMPLICIT_RETAIN_SELF = YES;
				CLANG_WARN_OBJC_LITERAL_CONVERSION = YES;
				CLANG_WARN_OBJC_ROOT_CLASS = YES_ERROR;
				CLANG_WARN_QUOTED_INCLUDE_IN_FRAMEWORK_HEADER = YES;
				CLANG_WARN_RANGE_LOOP_ANALYSIS = YES;
				CLANG_WARN_STRICT_PROTOTYPES = YES;
				CLANG_WARN_SUSPICIOUS_MOVE = YES;
				CLANG_WARN_UNGUARDED_AVAILABILITY = YES_AGGRESSIVE;
				CLANG_WARN_UNREACHABLE_CODE = YES;
				CLANG_WARN__DUPLICATE_METHOD_MATCH = YES;
				COPY_PHASE_STRIP = NO;
				DEBUG_INFORMATION_FORMAT = "dwarf-with-dsym";
				ENABLE_NS_ASSERTIONS = NO;
				ENABLE_STRICT_OBJC_MSGSEND = YES;
				GCC_C_LANGUAGE_STANDARD = gnu11;
				GCC_NO_COMMON_BLOCKS = YES;
				GCC_WARN_64_TO_32_BIT_CONVERSION = YES;
				GCC_WARN_ABOUT_RETURN_TYPE = YES_ERROR;
				GCC_WARN_UNDECLARED_SELECTOR = YES;
				GCC_WARN_UNINITIALIZED_AUTOS = YES_AGGRESSIVE;
				GCC_WARN_UNUSED_FUNCTION = YES;
				GCC_WARN_UNUSED_VARIABLE = YES;
				IPHONEOS_DEPLOYMENT_TARGET = 16.0;
				MTL_ENABLE_DEBUG_INFO = NO;
				MTL_FAST_MATH = YES;
				SDKROOT = iphoneos;
				SWIFT_COMPILATION_MODE = wholemodule;
				SWIFT_OPTIMIZATION_LEVEL = "-O";
				VALIDATE_PRODUCT = YES;
			};
			name = Release;
		};
		68D052E72B6DFB170019F3A3 /* Debug */ = {
			isa = XCBuildConfiguration;
			buildSettings = {
				ASSETCATALOG_COMPILER_APPICON_NAME = AppIcon;
				ASSETCATALOG_COMPILER_GLOBAL_ACCENT_COLOR_NAME = AccentColor;
				CODE_SIGN_STYLE = Automatic;
				CURRENT_PROJECT_VERSION = 1;
				DEVELOPMENT_TEAM = W669X37752;
				GENERATE_INFOPLIST_FILE = YES;
				INFOPLIST_FILE = 09_10_2023_MVVMDemo/Info.plist;
				INFOPLIST_KEY_UIApplicationSupportsIndirectInputEvents = YES;
				INFOPLIST_KEY_UILaunchStoryboardName = LaunchScreen;
				INFOPLIST_KEY_UIMainStoryboardFile = Main;
				INFOPLIST_KEY_UISupportedInterfaceOrientations_iPad = "UIInterfaceOrientationPortrait UIInterfaceOrientationPortraitUpsideDown UIInterfaceOrientationLandscapeLeft UIInterfaceOrientationLandscapeRight";
				INFOPLIST_KEY_UISupportedInterfaceOrientations_iPhone = "UIInterfaceOrientationPortrait UIInterfaceOrientationLandscapeLeft UIInterfaceOrientationLandscapeRight";
				LD_RUNPATH_SEARCH_PATHS = (
					"$(inherited)",
					"@executable_path/Frameworks",
				);
				MARKETING_VERSION = 1.0;
				PRODUCT_BUNDLE_IDENTIFIER = "in.bitcode.-9-10-2023-MVVMDemo";
				PRODUCT_NAME = "$(TARGET_NAME)";
				SWIFT_EMIT_LOC_STRINGS = YES;
				SWIFT_VERSION = 5.0;
				TARGETED_DEVICE_FAMILY = "1,2";
			};
			name = Debug;
		};
		68D052E82B6DFB170019F3A3 /* Release */ = {
			isa = XCBuildConfiguration;
			buildSettings = {
				ASSETCATALOG_COMPILER_APPICON_NAME = AppIcon;
				ASSETCATALOG_COMPILER_GLOBAL_ACCENT_COLOR_NAME = AccentColor;
				CODE_SIGN_STYLE = Automatic;
				CURRENT_PROJECT_VERSION = 1;
				DEVELOPMENT_TEAM = W669X37752;
				GENERATE_INFOPLIST_FILE = YES;
				INFOPLIST_FILE = 09_10_2023_MVVMDemo/Info.plist;
				INFOPLIST_KEY_UIApplicationSupportsIndirectInputEvents = YES;
				INFOPLIST_KEY_UILaunchStoryboardName = LaunchScreen;
				INFOPLIST_KEY_UIMainStoryboardFile = Main;
				INFOPLIST_KEY_UISupportedInterfaceOrientations_iPad = "UIInterfaceOrientationPortrait UIInterfaceOrientationPortraitUpsideDown UIInterfaceOrientationLandscapeLeft UIInterfaceOrientationLandscapeRight";
				INFOPLIST_KEY_UISupportedInterfaceOrientations_iPhone = "UIInterfaceOrientationPortrait UIInterfaceOrientationLandscapeLeft UIInterfaceOrientationLandscapeRight";
				LD_RUNPATH_SEARCH_PATHS = (
					"$(inherited)",
					"@executable_path/Frameworks",
				);
				MARKETING_VERSION = 1.0;
				PRODUCT_BUNDLE_IDENTIFIER = "in.bitcode.-9-10-2023-MVVMDemo";
				PRODUCT_NAME = "$(TARGET_NAME)";
				SWIFT_EMIT_LOC_STRINGS = YES;
				SWIFT_VERSION = 5.0;
				TARGETED_DEVICE_FAMILY = "1,2";
			};
			name = Release;
		};
/* End XCBuildConfiguration section */

/* Begin XCConfigurationList section */
		68D052CD2B6DFB160019F3A3 /* Build configuration list for PBXProject "09_10_2023_MVVMDemo" */ = {
			isa = XCConfigurationList;
			buildConfigurations = (
				68D052E42B6DFB170019F3A3 /* Debug */,
				68D052E52B6DFB170019F3A3 /* Release */,
			);
			defaultConfigurationIsVisible = 0;
			defaultConfigurationName = Release;
		};
		68D052E62B6DFB170019F3A3 /* Build configuration list for PBXNativeTarget "09_10_2023_MVVMDemo" */ = {
			isa = XCConfigurationList;
			buildConfigurations = (
				68D052E72B6DFB170019F3A3 /* Debug */,
				68D052E82B6DFB170019F3A3 /* Release */,
			);
			defaultConfigurationIsVisible = 0;
			defaultConfigurationName = Release;
		};
/* End XCConfigurationList section */
	};
	rootObject = 68D052CA2B6DFB160019F3A3 /* Project object */;
}
